
Microsoft Visual Studio Solution File, Format Version 12.00
# Visual Studio Version 17
VisualStudioVersion = 17.11.35222.181
MinimumVisualStudioVersion = 10.0.40219.1
Project("{FAE04EC0-301F-11D3-BF4B-00C04F79EFBC}") = "MySqlStart1125", "MySqlStart1125\MySqlStart1125.csproj", "{690E2704-F263-498E-AB74-3059B69DDBD3}"
EndProject
Global
	GlobalSection(SolutionConfigurationPlatforms) = preSolution
		Debug|Any CPU = Debug|Any CPU
		Release|Any CPU = Release|Any CPU
	EndGlobalSection
	GlobalSection(ProjectConfigurationPlatforms) = postSolution
		{690E2704-F263-498E-AB74-3059B69DDBD3}.Debug|Any CPU.ActiveCfg = Debug|Any CPU
		{690E2704-F263-498E-AB74-3059B69DDBD3}.Debug|Any CPU.Build.0 = Debug|Any CPU
		{690E2704-F263-498E-AB74-3059B69DDBD3}.Release|Any CPU.ActiveCfg = Release|Any CPU
		{690E2704-F263-498E-AB74-3059B69DDBD3}.Release|Any CPU.Build.0 = Release|Any CPU
	EndGlobalSection
	GlobalSection(SolutionProperties) = preSolution
		HideSolutionNode = FALSE
	EndGlobalSection
	GlobalSection(ExtensibilityGlobals) = postSolution
		SolutionGuid = {308F25D4-EBD8-425E-96A0-8E97235EC98E}
	EndGlobalSection
EndGlobal
